Microsoft Visual Studio Solution File, Format Version 12.00
# Visual Studio Version 17
VisualStudioVersion = 17.0.31903.59
MinimumVisualStudioVersion = 10.0.40219.1
Project("{2150E333-8FDC-42A3-9474-1A3956D46DE8}") = "src", "src", "{ACF12951-A9E6-44AB-B8BB-5B50761E5DF3}"
EndProject
Project("{2150E333-8FDC-42A3-9474-1A3956D46DE8}") = "Shared", "Shared", "{14D763F8-80EF-41C8-BEDA-4B4FC7B05ABF}"
EndProject
Project("{FAE04EC0-301F-11D3-BF4B-00C04F79EFBC}") = "NeoParking.Shared.Kernel", "src\Shared\NeoParking.Shared.Kernel\NeoParking.Shared.Kernel.csproj", "{17148487-82B6-43D2-87B9-4AB5DD9413F3}"
EndProject
Project("{2150E333-8FDC-42A3-9474-1A3956D46DE8}") = "Modules", "Modules", "{79DCAFD1-ABF9-4943-8A6F-8468B0FCA510}"
EndProject
Project("{FAE04EC0-301F-11D3-BF4B-00C04F79EFBC}") = "NeoParking.Access", "src\Modules\Access\NeoParking.Access.csproj", "{AD065F4F-9D50-4C28-A35E-004835786D9D}"
EndProject
Project("{FAE04EC0-301F-11D3-BF4B-00C04F79EFBC}") = "NeoParking.Management", "src\Modules\Management\NeoParking.Management.csproj", "{C1A2B3D4-E5F6-7890-ABCD-EF1234567890}"
EndProject
Project("{FAE04EC0-301F-11D3-BF4B-00C04F79EFBC}") = "NeoParking.Api", "src\NeoParking.Api\NeoParking.Api.csproj", "{60E63E74-23A2-44F3-B5D8-E20A1F56CBCF}"
EndProject
Project("{2150E333-8FDC-42A3-9474-1A3956D46DE8}") = "tests", "tests", "{A1B2C3D4-E5F6-7890-ABCD-EF0987654321}"
EndProject
Project("{FAE04EC0-301F-11D3-BF4B-00C04F79EFBC}") = "NeoParking.Access.Tests", "tests\NeoParking.Access.Tests\NeoParking.Access.Tests.csproj", "{B0EE0072-4F00-401E-90B8-11F0E8D1FD9A}"
EndProject
Project("{FAE04EC0-301F-11D3-BF4B-00C04F79EFBC}") = "NeoParking.Management.Tests", "tests\NeoParking.Management.Tests\NeoParking.Management.Tests.csproj", "{808C25BB-7050-446F-9498-EA926930A061}"
EndProject
Project("{FAE04EC0-301F-11D3-BF4B-00C04F79EFBC}") = "NeoParking.Tests", "tests\NeoParking.Tests\NeoParking.Tests.csproj", "{F09BF953-427E-4F85-848F-949FB8812984}"
EndProject
Global
	GlobalSection(SolutionConfigurationPlatforms) = preSolution
		Debug|Any CPU = Debug|Any CPU
		Release|Any CPU = Release|Any CPU
	EndGlobalSection
	GlobalSection(ProjectConfigurationPlatforms) = postSolution
		{17148487-82B6-43D2-87B9-4AB5DD9413F3}.Debug|Any CPU.ActiveCfg = Debug|Any CPU
		{17148487-82B6-43D2-87B9-4AB5DD9413F3}.Debug|Any CPU.Build.0 = Debug|Any CPU
		{17148487-82B6-43D2-87B9-4AB5DD9413F3}.Release|Any CPU.ActiveCfg = Release|Any CPU
		{17148487-82B6-43D2-87B9-4AB5DD9413F3}.Release|Any CPU.Build.0 = Release|Any CPU
		{AD065F4F-9D50-4C28-A35E-004835786D9D}.Debug|Any CPU.ActiveCfg = Debug|Any CPU
		{AD065F4F-9D50-4C28-A35E-004835786D9D}.Debug|Any CPU.Build.0 = Debug|Any CPU
		{AD065F4F-9D50-4C28-A35E-004835786D9D}.Release|Any CPU.ActiveCfg = Release|Any CPU
		{AD065F4F-9D50-4C28-A35E-004835786D9D}.Release|Any CPU.Build.0 = Release|Any CPU
		{C1A2B3D4-E5F6-7890-ABCD-EF1234567890}.Debug|Any CPU.ActiveCfg = Debug|Any CPU
		{C1A2B3D4-E5F6-7890-ABCD-EF1234567890}.Debug|Any CPU.Build.0 = Debug|Any CPU
		{C1A2B3D4-E5F6-7890-ABCD-EF1234567890}.Release|Any CPU.ActiveCfg = Release|Any CPU
		{C1A2B3D4-E5F6-7890-ABCD-EF1234567890}.Release|Any CPU.Build.0 = Release|Any CPU
		{60E63E74-23A2-44F3-B5D8-E20A1F56CBCF}.Debug|Any CPU.ActiveCfg = Debug|Any CPU
		{60E63E74-23A2-44F3-B5D8-E20A1F56CBCF}.Debug|Any CPU.Build.0 = Debug|Any CPU
		{60E63E74-23A2-44F3-B5D8-E20A1F56CBCF}.Release|Any CPU.ActiveCfg = Release|Any CPU
		{60E63E74-23A2-44F3-B5D8-E20A1F56CBCF}.Release|Any CPU.Build.0 = Release|Any CPU
		{B0EE0072-4F00-401E-90B8-11F0E8D1FD9A}.Debug|Any CPU.ActiveCfg = Debug|Any CPU
		{B0EE0072-4F00-401E-90B8-11F0E8D1FD9A}.Debug|Any CPU.Build.0 = Debug|Any CPU
		{B0EE0072-4F00-401E-90B8-11F0E8D1FD9A}.Release|Any CPU.ActiveCfg = Release|Any CPU
		{B0EE0072-4F00-401E-90B8-11F0E8D1FD9A}.Release|Any CPU.Build.0 = Release|Any CPU
		{808C25BB-7050-446F-9498-EA926930A061}.Debug|Any CPU.ActiveCfg = Debug|Any CPU
		{808C25BB-7050-446F-9498-EA926930A061}.Debug|Any CPU.Build.0 = Debug|Any CPU
		{808C25BB-7050-446F-9498-EA926930A061}.Release|Any CPU.ActiveCfg = Release|Any CPU
		{808C25BB-7050-446F-9498-EA926930A061}.Release|Any CPU.Build.0 = Release|Any CPU
		{F09BF953-427E-4F85-848F-949FB8812984}.Debug|Any CPU.ActiveCfg = Debug|Any CPU
		{F09BF953-427E-4F85-848F-949FB8812984}.Debug|Any CPU.Build.0 = Debug|Any CPU
		{F09BF953-427E-4F85-848F-949FB8812984}.Release|Any CPU.ActiveCfg = Release|Any CPU
		{F09BF953-427E-4F85-848F-949FB8812984}.Release|Any CPU.Build.0 = Release|Any CPU
	EndGlobalSection
	GlobalSection(SolutionProperties) = preSolution
		HideSolutionNode = FALSE
	EndGlobalSection
	GlobalSection(NestedProjects) = preSolution
		{14D763F8-80EF-41C8-BEDA-4B4FC7B05ABF} = {ACF12951-A9E6-44AB-B8BB-5B50761E5DF3}
		{17148487-82B6-43D2-87B9-4AB5DD9413F3} = {14D763F8-80EF-41C8-BEDA-4B4FC7B05ABF}
		{79DCAFD1-ABF9-4943-8A6F-8468B0FCA510} = {ACF12951-A9E6-44AB-B8BB-5B50761E5DF3}
		{AD065F4F-9D50-4C28-A35E-004835786D9D} = {79DCAFD1-ABF9-4943-8A6F-8468B0FCA510}
		{C1A2B3D4-E5F6-7890-ABCD-EF1234567890} = {79DCAFD1-ABF9-4943-8A6F-8468B0FCA510}
		{60E63E74-23A2-44F3-B5D8-E20A1F56CBCF} = {ACF12951-A9E6-44AB-B8BB-5B50761E5DF3}
		{B0EE0072-4F00-401E-90B8-11F0E8D1FD9A} = {A1B2C3D4-E5F6-7890-ABCD-EF0987654321}
		{808C25BB-7050-446F-9498-EA926930A061} = {A1B2C3D4-E5F6-7890-ABCD-EF0987654321}
		{F09BF953-427E-4F85-848F-949FB8812984} = {A1B2C3D4-E5F6-7890-ABCD-EF0987654321}
	EndGlobalSection
EndGlobal
